Microsoft Visual Studio Solution File, Format Version 9.00
# Visual C# Express 2005
Project("{FAE04EC0-301F-11D3-BF4B-00C04F79EFBC}") = "MbUnit.Tests", "MbUnit.Tests\MbUnit.Tests.csproj", "{CFE084BE-4067-499F-8BA9-E36517C4C6F6}"
EndProject
Project("{FAE04EC0-301F-11D3-BF4B-00C04F79EFBC}") = "TestFu.Tests", "TestFu.Tests\TestFu.Tests.csproj", "{8E230885-FE60-442C-9CE7-B2FFB4887AD5}"
EndProject
Global
	GlobalSection(SolutionConfigurationPlatforms) = preSolution
		Debug|Any CPU = Debug|Any CPU
		Release|Any CPU = Release|Any CPU
		StrongDebug|Any CPU = StrongDebug|Any CPU
		StrongRelease|Any CPU = StrongRelease|Any CPU
	EndGlobalSection
	GlobalSection(ProjectConfigurationPlatforms) = postSolution
		{CFE084BE-4067-499F-8BA9-E36517C4C6F6}.Debug|Any CPU.ActiveCfg = Debug|Any CPU
		{CFE084BE-4067-499F-8BA9-E36517C4C6F6}.Debug|Any CPU.Build.0 = Debug|Any CPU
		{CFE084BE-4067-499F-8BA9-E36517C4C6F6}.Release|Any CPU.ActiveCfg = Release|Any CPU
		{CFE084BE-4067-499F-8BA9-E36517C4C6F6}.Release|Any CPU.Build.0 = Release|Any CPU
		{CFE084BE-4067-499F-8BA9-E36517C4C6F6}.StrongDebug|Any CPU.ActiveCfg = StrongDebug|Any CPU
		{CFE084BE-4067-499F-8BA9-E36517C4C6F6}.StrongDebug|Any CPU.Build.0 = StrongDebug|Any CPU
		{CFE084BE-4067-499F-8BA9-E36517C4C6F6}.StrongRelease|Any CPU.ActiveCfg = StrongRelease|Any CPU
		{CFE084BE-4067-499F-8BA9-E36517C4C6F6}.StrongRelease|Any CPU.Build.0 = StrongRelease|Any CPU
		{8E230885-FE60-442C-9CE7-B2FFB4887AD5}.Debug|Any CPU.ActiveCfg = Debug|Any CPU
		{8E230885-FE60-442C-9CE7-B2FFB4887AD5}.Debug|Any CPU.Build.0 = Debug|Any CPU
		{8E230885-FE60-442C-9CE7-B2FFB4887AD5}.Release|Any CPU.ActiveCfg = Release|Any CPU
		{8E230885-FE60-442C-9CE7-B2FFB4887AD5}.Release|Any CPU.Build.0 = Release|Any CPU
		{8E230885-FE60-442C-9CE7-B2FFB4887AD5}.StrongDebug|Any CPU.ActiveCfg = Debug|Any CPU
		{8E230885-FE60-442C-9CE7-B2FFB4887AD5}.StrongDebug|Any CPU.Build.0 = Debug|Any CPU
		{8E230885-FE60-442C-9CE7-B2FFB4887AD5}.StrongRelease|Any CPU.ActiveCfg = Release|Any CPU
		{8E230885-FE60-442C-9CE7-B2FFB4887AD5}.StrongRelease|Any CPU.Build.0 = Release|Any CPU
	EndGlobalSection
	GlobalSection(SolutionProperties) = preSolution
		HideSolutionNode = FALSE
	EndGlobalSection
EndGlobal
